dependencies:
- name: meilisearch
  repository: file://charts/meilisearch
  version: 0.7.0
- name: librechat-rag-api
  repository: file://charts/librechat-rag-api
  version: 0.1.4
- name: mongodb
  repository: file://charts/mongodb
  version: 0.9.0
digest: sha256:74b42bcb8e97427326613d9c18edce02a0cd10b66e74fece1ee605af2e5859a0
generated: "2024-07-09T15:20:37.672193+05:30"
